
Microsoft Visual Studio Solution File, Format Version 12.00
# Visual Studio Version 17
VisualStudioVersion = 17.6.33815.320
MinimumVisualStudioVersion = 10.0.40219.1
Project("{FAE04EC0-301F-11D3-BF4B-00C04F79EFBC}") = "Merhaba", "Merhaba\Merhaba.csproj", "{AC04398B-34F8-435B-B516-5500440D4893}"
EndProject
Global
	GlobalSection(SolutionConfigurationPlatforms) = preSolution
		Debug|Any CPU = Debug|Any CPU
		Release|Any CPU = Release|Any CPU
	EndGlobalSection
	GlobalSection(ProjectConfigurationPlatforms) = postSolution
		{AC04398B-34F8-435B-B516-5500440D4893}.Debug|Any CPU.ActiveCfg = Debug|Any CPU
		{AC04398B-34F8-435B-B516-5500440D4893}.Debug|Any CPU.Build.0 = Debug|Any CPU
		{AC04398B-34F8-435B-B516-5500440D4893}.Release|Any CPU.ActiveCfg = Release|Any CPU
		{AC04398B-34F8-435B-B516-5500440D4893}.Release|Any CPU.Build.0 = Release|Any CPU
	EndGlobalSection
	GlobalSection(SolutionProperties) = preSolution
		HideSolutionNode = FALSE
	EndGlobalSection
	GlobalSection(ExtensibilityGlobals) = postSolution
		SolutionGuid = {00CBF419-7581-4A12-A69C-7F71E02991AC}
	EndGlobalSection
EndGlobal
