
Microsoft Visual Studio Solution File, Format Version 12.00
# Visual Studio Version 17
VisualStudioVersion = 17.6.33815.320
MinimumVisualStudioVersion = 10.0.40219.1
Project("{FAE04EC0-301F-11D3-BF4B-00C04F79EFBC}") = "TipDonusumleri", "TipDonusumleri.csproj", "{40DBA976-49D2-4460-A9A5-BB3FC52EDFD1}"
EndProject
Global
	GlobalSection(SolutionConfigurationPlatforms) = preSolution
		Debug|Any CPU = Debug|Any CPU
		Release|Any CPU = Release|Any CPU
	EndGlobalSection
	GlobalSection(ProjectConfigurationPlatforms) = postSolution
		{40DBA976-49D2-4460-A9A5-BB3FC52EDFD1}.Debug|Any CPU.ActiveCfg = Debug|Any CPU
		{40DBA976-49D2-4460-A9A5-BB3FC52EDFD1}.Debug|Any CPU.Build.0 = Debug|Any CPU
		{40DBA976-49D2-4460-A9A5-BB3FC52EDFD1}.Release|Any CPU.ActiveCfg = Release|Any CPU
		{40DBA976-49D2-4460-A9A5-BB3FC52EDFD1}.Release|Any CPU.Build.0 = Release|Any CPU
	EndGlobalSection
	GlobalSection(SolutionProperties) = preSolution
		HideSolutionNode = FALSE
	EndGlobalSection
	GlobalSection(ExtensibilityGlobals) = postSolution
		SolutionGuid = {F6600C54-5060-4F96-9C92-C46C5B7B27EE}
	EndGlobalSection
EndGlobal
