
Microsoft Visual Studio Solution File, Format Version 12.00
# Visual Studio Version 17
VisualStudioVersion = 17.6.33815.320
MinimumVisualStudioVersion = 10.0.40219.1
Project("{FAE04EC0-301F-11D3-BF4B-00C04F79EFBC}") = "Variables2", "Variables2.csproj", "{1FFDEE16-1D05-4AF7-B32B-380F07EDC046}"
EndProject
Global
	GlobalSection(SolutionConfigurationPlatforms) = preSolution
		Debug|Any CPU = Debug|Any CPU
		Release|Any CPU = Release|Any CPU
	EndGlobalSection
	GlobalSection(ProjectConfigurationPlatforms) = postSolution
		{1FFDEE16-1D05-4AF7-B32B-380F07EDC046}.Debug|Any CPU.ActiveCfg = Debug|Any CPU
		{1FFDEE16-1D05-4AF7-B32B-380F07EDC046}.Debug|Any CPU.Build.0 = Debug|Any CPU
		{1FFDEE16-1D05-4AF7-B32B-380F07EDC046}.Release|Any CPU.ActiveCfg = Release|Any CPU
		{1FFDEE16-1D05-4AF7-B32B-380F07EDC046}.Release|Any CPU.Build.0 = Release|Any CPU
	EndGlobalSection
	GlobalSection(SolutionProperties) = preSolution
		HideSolutionNode = FALSE
	EndGlobalSection
	GlobalSection(ExtensibilityGlobals) = postSolution
		SolutionGuid = {5F0789E5-AEAE-423E-8047-738964B0765B}
	EndGlobalSection
EndGlobal
