
Microsoft Visual Studio Solution File, Format Version 12.00
# Visual Studio Version 17
VisualStudioVersion = 17.6.33815.320
MinimumVisualStudioVersion = 10.0.40219.1
Project("{FAE04EC0-301F-11D3-BF4B-00C04F79EFBC}") = "ConsoleApp1", "ConsoleApp1\ConsoleApp1.csproj", "{D0191B60-0D75-403E-9434-CD859F38872F}"
EndProject
Global
	GlobalSection(SolutionConfigurationPlatforms) = preSolution
		Debug|Any CPU = Debug|Any CPU
		Release|Any CPU = Release|Any CPU
	EndGlobalSection
	GlobalSection(ProjectConfigurationPlatforms) = postSolution
		{D0191B60-0D75-403E-9434-CD859F38872F}.Debug|Any CPU.ActiveCfg = Debug|Any CPU
		{D0191B60-0D75-403E-9434-CD859F38872F}.Debug|Any CPU.Build.0 = Debug|Any CPU
		{D0191B60-0D75-403E-9434-CD859F38872F}.Release|Any CPU.ActiveCfg = Release|Any CPU
		{D0191B60-0D75-403E-9434-CD859F38872F}.Release|Any CPU.Build.0 = Release|Any CPU
	EndGlobalSection
	GlobalSection(SolutionProperties) = preSolution
		HideSolutionNode = FALSE
	EndGlobalSection
	GlobalSection(ExtensibilityGlobals) = postSolution
		SolutionGuid = {0C5BB53A-7635-41DD-B51E-EE2F273C644B}
	EndGlobalSection
EndGlobal
